<?xml version="1.0" encoding="utf-8"?>
<Project ToolsVersion="4.0" xmlns="http://schemas.microsoft.com/developer/msbuild/2003">
  <ItemGroup>
    <Filter Include="src">
      <UniqueIdentifier>{4ab7e8f3-c48d-41b4-8551-0fd454d68793}</UniqueIdentifier>
    </Filter>
  </ItemGroup>
  <ItemGroup>
    <ClCompile Include="src\main.cpp">
      <Filter>src</Filter>
    </ClCompile>
  </ItemGroup>
  <ItemGroup>
    <ClInclude Include="src\GameInterfaces.h">
      <Filter>src</Filter>
    </ClInclude>
    <ClInclude Include="src\GameConfig.h">
      <Filter>src</Filter>
    </ClInclude>
    <ClInclude Include="src\CoreTypes.h">
      <Filter>src</Filter>
    </ClInclude>
  </ItemGroup>
</Project>